
Microsoft Visual Studio Solution File, Format Version 12.00
# Visual Studio Version 17
VisualStudioVersion = 17.14.37111.16 d17.14
MinimumVisualStudioVersion = 10.0.40219.1
Project("{FAE04EC0-301F-11D3-BF4B-00C04F79EFBC}") = "MyNewIdeaCenter", "MyNewIdeaCenter\MyNewIdeaCenter.csproj", "{528FDD1A-2E77-42E1-A207-5B95D30CFC4D}"
EndProject
Global
	GlobalSection(SolutionConfigurationPlatforms) = preSolution
		Debug|Any CPU = Debug|Any CPU
		Release|Any CPU = Release|Any CPU
	EndGlobalSection
	GlobalSection(ProjectConfigurationPlatforms) = postSolution
		{528FDD1A-2E77-42E1-A207-5B95D30CFC4D}.Debug|Any CPU.ActiveCfg = Debug|Any CPU
		{528FDD1A-2E77-42E1-A207-5B95D30CFC4D}.Debug|Any CPU.Build.0 = Debug|Any CPU
		{528FDD1A-2E77-42E1-A207-5B95D30CFC4D}.Release|Any CPU.ActiveCfg = Release|Any CPU
		{528FDD1A-2E77-42E1-A207-5B95D30CFC4D}.Release|Any CPU.Build.0 = Release|Any CPU
	EndGlobalSection
	GlobalSection(SolutionProperties) = preSolution
		HideSolutionNode = FALSE
	EndGlobalSection
	GlobalSection(ExtensibilityGlobals) = postSolution
		SolutionGuid = {6A23BA37-FB6D-4829-98FA-F69C5BC78C92}
	EndGlobalSection
EndGlobal
